
Microsoft Visual Studio Solution File, Format Version 12.00
# Visual Studio Version 17
VisualStudioVersion = 17.0.32112.339
MinimumVisualStudioVersion = 10.0.40219.1
Project("{FAE04EC0-301F-11D3-BF4B-00C04F79EFBC}") = "DataGridViewFromList", "DataGridViewFromList.csproj", "{84A6AFE4-5A7B-4F01-8493-941D86FFC999}"
EndProject
Global
	GlobalSection(SolutionConfigurationPlatforms) = preSolution
		Debug|Any CPU = Debug|Any CPU
		Release|Any CPU = Release|Any CPU
	EndGlobalSection
	GlobalSection(ProjectConfigurationPlatforms) = postSolution
		{84A6AFE4-5A7B-4F01-8493-941D86FFC999}.Debug|Any CPU.ActiveCfg = Debug|Any CPU
		{84A6AFE4-5A7B-4F01-8493-941D86FFC999}.Debug|Any CPU.Build.0 = Debug|Any CPU
		{84A6AFE4-5A7B-4F01-8493-941D86FFC999}.Release|Any CPU.ActiveCfg = Release|Any CPU
		{84A6AFE4-5A7B-4F01-8493-941D86FFC999}.Release|Any CPU.Build.0 = Release|Any CPU
	EndGlobalSection
	GlobalSection(SolutionProperties) = preSolution
		HideSolutionNode = FALSE
	EndGlobalSection
	GlobalSection(ExtensibilityGlobals) = postSolution
		SolutionGuid = {1ABE3174-2643-4720-B1B6-6F8B508E66CA}
	EndGlobalSection
EndGlobal
